<?xml version="1.0" encoding="utf-8"?>
<Project ToolsVersion="4.0" xmlns="http://schemas.microsoft.com/developer/msbuild/2003">
  <ItemGroup>
    <Filter Include="Resource Files">
      <UniqueIdentifier>{1a913106-0be0-4476-b0ce-2aa855072614}</UniqueIdentifier>
      <Extensions>ico;cur;bmp;dlg;rc2;rct;bin;cnt;rtf;gif;jpg;jpeg;jpe</Extensions>
    </Filter>
    <Filter Include="MFC">
      <UniqueIdentifier>{da904ee8-7f59-4a6c-b3ff-b91b6fb6d0ea}</UniqueIdentifier>
    </Filter>
    <Filter Include="GameLibrary">
      <UniqueIdentifier>{df7aa532-3fdf-46a0-b3fc-8f5922e8d9e4}</UniqueIdentifier>
    </Filter>
    <Filter Include="GameClass">
      <UniqueIdentifier>{2751f409-118d-4711-9e78-08c87be39e05}</UniqueIdentifier>
    </Filter>
    <Filter Include="GameClass\Interface">
      <UniqueIdentifier>{bfc16fc1-ecf0-4a95-95b4-a06d66f4a259}</UniqueIdentifier>
    </Filter>
    <Filter Include="GameClass\SideScrollingSystem">
      <UniqueIdentifier>{f56f16c9-dae8-42fc-a299-3652546ed6fe}</UniqueIdentifier>
    </Filter>
    <Filter Include="GameClass\HumanElements">
      <UniqueIdentifier>{e487384c-4493-4b7c-b5c0-43a8b1f84f90}</UniqueIdentifier>
    </Filter>
    <Filter Include="GameClass\StaticObjects">
      <UniqueIdentifier>{66035042-aa05-4c73-aca3-46083fc77082}</UniqueIdentifier>
    </Filter>
    <Filter Include="GameClass\Collision_System">
      <UniqueIdentifier>{15f33c5a-b005-4a61-9845-0417d211197e}</UniqueIdentifier>
    </Filter>
  </ItemGroup>
  <ItemGroup>
    <None Include="Res\ball.bmp">
      <Filter>Resource Files</Filter>
    </None>
    <None Include="RES\bmp0.bmp">
      <Filter>Resource Files</Filter>
    </None>
    <None Include="RES\bmp1.bmp">
      <Filter>Resource Files</Filter>
    </None>
    <None Include="RES\bmp10.bmp">
      <Filter>Resource Files</Filter>
    </None>
    <None Include="RES\bmp2.bmp">
      <Filter>Resource Files</Filter>
    </None>
    <None Include="RES\bmp3.bmp">
      <Filter>Resource Files</Filter>
    </None>
    <None Include="RES\bmp4.bmp">
      <Filter>Resource Files</Filter>
    </None>
    <None Include="RES\bmp5.bmp">
      <Filter>Resource Files</Filter>
    </None>
    <None Include="RES\bmp6.bmp">
      <Filter>Resource Files</Filter>
    </None>
    <None Include="RES\bmp7.bmp">
      <Filter>Resource Files</Filter>
    </None>
    <None Include="RES\bmp8.bmp">
      <Filter>Resource Files</Filter>
    </None>
    <None Include="RES\bmp9.bmp">
      <Filter>Resource Files</Filter>
    </None>
    <None Include="RES\center.bmp">
      <Filter>Resource Files</Filter>
    </None>
    <None Include="RES\continue.bmp">
      <Filter>Resource Files</Filter>
    </None>
    <None Include="Res\corner.bmp">
      <Filter>Resource Files</Filter>
    </None>
    <None Include="RES\eraser1.bmp">
      <Filter>Resource Files</Filter>
    </None>
    <None Include="RES\eraser2.bmp">
      <Filter>Resource Files</Filter>
    </None>
    <None Include="RES\eraser3.bmp">
      <Filter>Resource Files</Filter>
    </None>
    <None Include="res\game.ico">
      <Filter>Resource Files</Filter>
    </None>
    <None Include="res\game.rc2">
      <Filter>Resource Files</Filter>
    </None>
    <None Include="RES\gamecurs.cur">
      <Filter>Resource Files</Filter>
    </None>
    <None Include="res\gameDoc.ico">
      <Filter>Resource Files</Filter>
    </None>
    <None Include="RES\help.bmp">
      <Filter>Resource Files</Filter>
    </None>
    <None Include="RES\loading.bmp">
      <Filter>Resource Files</Filter>
    </None>
    <None Include="RES\ntutcsie.bmp">
      <Filter>Resource Files</Filter>
    </None>
    <None Include="res\Toolbar.bmp">
      <Filter>Resource Files</Filter>
    </None>
    <None Include="res\bitmap3.bmp">
      <Filter>Resource Files</Filter>
    </None>
    <None Include="res\bmp00001.bmp">
      <Filter>Resource Files</Filter>
    </None>
  </ItemGroup>
  <ItemGroup>
    <ClCompile Include="Source\mygame.cpp" />
    <ClCompile Include="Source\audio.cpp">
      <Filter>GameLibrary</Filter>
    </ClCompile>
    <ClCompile Include="Source\game.cpp">
      <Filter>MFC</Filter>
    </ClCompile>
    <ClCompile Include="Source\gameDoc.cpp">
      <Filter>MFC</Filter>
    </ClCompile>
    <ClCompile Include="Source\gamelib.cpp">
      <Filter>GameLibrary</Filter>
    </ClCompile>
    <ClCompile Include="Source\gameView.cpp">
      <Filter>MFC</Filter>
    </ClCompile>
    <ClCompile Include="Source\MainFrm.cpp">
      <Filter>MFC</Filter>
    </ClCompile>
    <ClCompile Include="Source\StdAfx.cpp">
      <Filter>MFC</Filter>
    </ClCompile>
    <ClCompile Include="Source\Map.cpp">
      <Filter>GameClass\SideScrollingSystem</Filter>
    </ClCompile>
    <ClCompile Include="Source\ScreenMap.cpp">
      <Filter>GameClass\SideScrollingSystem</Filter>
    </ClCompile>
    <ClCompile Include="Source\Scroll_System.cpp">
      <Filter>GameClass\SideScrollingSystem</Filter>
    </ClCompile>
    <ClCompile Include="Source\Obstacle.cpp">
      <Filter>GameClass\StaticObjects</Filter>
    </ClCompile>
    <ClCompile Include="Source\Thing.cpp">
      <Filter>GameClass\StaticObjects</Filter>
    </ClCompile>
    <ClCompile Include="Source\Equipment.cpp">
      <Filter>GameClass\HumanElements</Filter>
    </ClCompile>
    <ClCompile Include="Source\Inventory.cpp">
      <Filter>GameClass\HumanElements</Filter>
    </ClCompile>
    <ClCompile Include="Source\Human.cpp">
      <Filter>GameClass\HumanElements</Filter>
    </ClCompile>
    <ClCompile Include="Source\Charcter.cpp">
      <Filter>GameClass\HumanElements</Filter>
    </ClCompile>
    <ClCompile Include="Source\Bounding_Obs.cpp">
      <Filter>GameClass\Collision_System</Filter>
    </ClCompile>
    <ClCompile Include="Source\Collision_System.cpp">
      <Filter>GameClass\Collision_System</Filter>
    </ClCompile>
    <ClCompile Include="Source\CRectangle.cpp">
      <Filter>GameClass\Collision_System</Filter>
    </ClCompile>
  </ItemGroup>
  <ItemGroup>
    <ClInclude Include="Source\mygame.h" />
    <ClInclude Include="Source\audio.h">
      <Filter>GameLibrary</Filter>
    </ClInclude>
    <ClInclude Include="Source\game.h">
      <Filter>MFC</Filter>
    </ClInclude>
    <ClInclude Include="Source\gameDoc.h">
      <Filter>MFC</Filter>
    </ClInclude>
    <ClInclude Include="Source\gamelib.h">
      <Filter>GameLibrary</Filter>
    </ClInclude>
    <ClInclude Include="Source\gameView.h">
      <Filter>MFC</Filter>
    </ClInclude>
    <ClInclude Include="Source\MainFrm.h">
      <Filter>MFC</Filter>
    </ClInclude>
    <ClInclude Include="Source\Resource.h">
      <Filter>MFC</Filter>
    </ClInclude>
    <ClInclude Include="Source\StdAfx.h">
      <Filter>MFC</Filter>
    </ClInclude>
    <ClInclude Include="Source\ILocation.h">
      <Filter>GameClass\Interface</Filter>
    </ClInclude>
    <ClInclude Include="Source\IPerform.h">
      <Filter>GameClass\Interface</Filter>
    </ClInclude>
    <ClInclude Include="Source\Map.h">
      <Filter>GameClass\SideScrollingSystem</Filter>
    </ClInclude>
    <ClInclude Include="Source\ScreenMap.h">
      <Filter>GameClass\SideScrollingSystem</Filter>
    </ClInclude>
    <ClInclude Include="Source\Scroll_System.h">
      <Filter>GameClass\SideScrollingSystem</Filter>
    </ClInclude>
    <ClInclude Include="Source\Obstacle.h">
      <Filter>GameClass\StaticObjects</Filter>
    </ClInclude>
    <ClInclude Include="Source\Thing.h">
      <Filter>GameClass\StaticObjects</Filter>
    </ClInclude>
    <ClInclude Include="Source\Equipment.h">
      <Filter>GameClass\HumanElements</Filter>
    </ClInclude>
    <ClInclude Include="Source\Inventory.h">
      <Filter>GameClass\HumanElements</Filter>
    </ClInclude>
    <ClInclude Include="Source\Human.h">
      <Filter>GameClass\HumanElements</Filter>
    </ClInclude>
    <ClInclude Include="Source\Charcter.h">
      <Filter>GameClass\HumanElements</Filter>
    </ClInclude>
    <ClInclude Include="Source\Bounding_Obs.h">
      <Filter>GameClass\Collision_System</Filter>
    </ClInclude>
    <ClInclude Include="Source\Collision_System.h">
      <Filter>GameClass\Collision_System</Filter>
    </ClInclude>
    <ClInclude Include="Source\CRectangle.h">
      <Filter>GameClass\Collision_System</Filter>
    </ClInclude>
    <ClInclude Include="Source\ICollision.h">
      <Filter>GameClass\Interface</Filter>
    </ClInclude>
  </ItemGroup>
  <ItemGroup>
    <ResourceCompile Include="Source\game.rc">
      <Filter>MFC</Filter>
    </ResourceCompile>
  </ItemGroup>
</Project>